// !$*UTF8*$!
{
	archiveVersion = 1;
	classes = {
	};
	objectVersion = 50;
	objects = {

/* Begin PBXBuildFile section */
		777A495A21B4B69D006E43D1 /* Error.png in Resources */ = {isa = PBXBuildFile; fileRef = 777A495921B4B69D006E43D1 /* Error.png */; };
		777A495B21B4B69D006E43D1 /* Error.png in Resources */ = {isa = PBXBuildFile; fileRef = 777A495921B4B69D006E43D1 /* Error.png */; };
		777A495C21B4B69D006E43D1 /* Error.png in Resources */ = {isa = PBXBuildFile; fileRef = 777A495921B4B69D006E43D1 /* Error.png */; };
		777A496121B4C322006E43D1 /* SearchItem.swift in Sources */ = {isa = PBXBuildFile; fileRef = 77B4FF6321B47A8E0052B324 /* SearchItem.swift */; };
		777A496221B4C36E006E43D1 /* FlickerPhotosSearchResult.swift in Sources */ = {isa = PBXBuildFile; fileRef = 77B4FF6721B47DE00052B324 /* FlickerPhotosSearchResult.swift */; };
		777A496321B4D4D2006E43D1 /* ViewController.swift in Sources */ = {isa = PBXBuildFile; fileRef = 77E7FA5321ADB434003C71E9 /* ViewController.swift */; };
		777A496421B4D4D3006E43D1 /* ViewController.swift in Sources */ = {isa = PBXBuildFile; fileRef = 77E7FA5321ADB434003C71E9 /* ViewController.swift */; };
		777A496521B4D730006E43D1 /* Main.storyboard in Resources */ = {isa = PBXBuildFile; fileRef = 77E7FA5521ADB434003C71E9 /* Main.storyboard */; };
		777A496621B4D731006E43D1 /* Main.storyboard in Resources */ = {isa = PBXBuildFile; fileRef = 77E7FA5521ADB434003C71E9 /* Main.storyboard */; };
		777A496721B4D737006E43D1 /* AppDelegate.swift in Sources */ = {isa = PBXBuildFile; fileRef = 77E7FA5121ADB434003C71E9 /* AppDelegate.swift */; };
		777A496821B4D738006E43D1 /* AppDelegate.swift in Sources */ = {isa = PBXBuildFile; fileRef = 77E7FA5121ADB434003C71E9 /* AppDelegate.swift */; };
		77B4FF6221B479FC0052B324 /* FlickerService.swift in Sources */ = {isa = PBXBuildFile; fileRef = 77B4FF6121B479FC0052B324 /* FlickerService.swift */; };
		77B4FF6421B47A8E0052B324 /* SearchItem.swift in Sources */ = {isa = PBXBuildFile; fileRef = 77B4FF6321B47A8E0052B324 /* SearchItem.swift */; };
		77B4FF6521B47A8E0052B324 /* SearchItem.swift in Sources */ = {isa = PBXBuildFile; fileRef = 77B4FF6321B47A8E0052B324 /* SearchItem.swift */; };
		77B4FF6821B47DE00052B324 /* FlickerPhotosSearchResult.swift in Sources */ = {isa = PBXBuildFile; fileRef = 77B4FF6721B47DE00052B324 /* FlickerPhotosSearchResult.swift */; };
		77B4FF6921B47DE00052B324 /* FlickerPhotosSearchResult.swift in Sources */ = {isa = PBXBuildFile; fileRef = 77B4FF6721B47DE00052B324 /* FlickerPhotosSearchResult.swift */; };
		77B4FF7121B489310052B324 /* PhotoCollectionViewCell.swift in Sources */ = {isa = PBXBuildFile; fileRef = 77B4FF6F21B489310052B324 /* PhotoCollectionViewCell.swift */; };
		77B4FF7221B489310052B324 /* PhotoCollectionViewCell.swift in Sources */ = {isa = PBXBuildFile; fileRef = 77B4FF6F21B489310052B324 /* PhotoCollectionViewCell.swift */; };
		77B4FF7321B489310052B324 /* PhotoCollectionViewCell.swift in Sources */ = {isa = PBXBuildFile; fileRef = 77B4FF6F21B489310052B324 /* PhotoCollectionViewCell.swift */; };
		77B4FF7421B489310052B324 /* PhotoCollectionViewCell.xib in Resources */ = {isa = PBXBuildFile; fileRef = 77B4FF7021B489310052B324 /* PhotoCollectionViewCell.xib */; };
		77B4FF7521B489310052B324 /* PhotoCollectionViewCell.xib in Resources */ = {isa = PBXBuildFile; fileRef = 77B4FF7021B489310052B324 /* PhotoCollectionViewCell.xib */; };
		77B4FF7621B489310052B324 /* PhotoCollectionViewCell.xib in Resources */ = {isa = PBXBuildFile; fileRef = 77B4FF7021B489310052B324 /* PhotoCollectionViewCell.xib */; };
		77B4FF7821B48E630052B324 /* PhotoQuery.swift in Sources */ = {isa = PBXBuildFile; fileRef = 77B4FF7721B48E630052B324 /* PhotoQuery.swift */; };
		77B4FF7921B48E630052B324 /* PhotoQuery.swift in Sources */ = {isa = PBXBuildFile; fileRef = 77B4FF7721B48E630052B324 /* PhotoQuery.swift */; };
		77B4FF7A21B48E630052B324 /* PhotoQuery.swift in Sources */ = {isa = PBXBuildFile; fileRef = 77B4FF7721B48E630052B324 /* PhotoQuery.swift */; };
		77B4FF7B21B4909E0052B324 /* FlickerService.swift in Sources */ = {isa = PBXBuildFile; fileRef = 77B4FF6121B479FC0052B324 /* FlickerService.swift */; };
		77B4FF7C21B4909E0052B324 /* FlickerService.swift in Sources */ = {isa = PBXBuildFile; fileRef = 77B4FF6121B479FC0052B324 /* FlickerService.swift */; };
		77E7FA5221ADB434003C71E9 /* AppDelegate.swift in Sources */ = {isa = PBXBuildFile; fileRef = 77E7FA5121ADB434003C71E9 /* AppDelegate.swift */; };
		77E7FA5421ADB434003C71E9 /* ViewController.swift in Sources */ = {isa = PBXBuildFile; fileRef = 77E7FA5321ADB434003C71E9 /* ViewController.swift */; };
		77E7FA5721ADB434003C71E9 /* Main.storyboard in Resources */ = {isa = PBXBuildFile; fileRef = 77E7FA5521ADB434003C71E9 /* Main.storyboard */; };
		77E7FA5921ADB436003C71E9 /* Assets.xcassets in Resources */ = {isa = PBXBuildFile; fileRef = 77E7FA5821ADB436003C71E9 /* Assets.xcassets */; };
		77E7FA5C21ADB436003C71E9 /* LaunchScreen.storyboard in Resources */ = {isa = PBXBuildFile; fileRef = 77E7FA5A21ADB436003C71E9 /* LaunchScreen.storyboard */; };
		77E7FA6721ADB436003C71E9 /* UDemoTests.swift in Sources */ = {isa = PBXBuildFile; fileRef = 77E7FA6621ADB436003C71E9 /* UDemoTests.swift */; };
		77E7FA7221ADB436003C71E9 /* UDemoUITests.swift in Sources */ = {isa = PBXBuildFile; fileRef = 77E7FA7121ADB436003C71E9 /* UDemoUITests.swift */; };
/* End PBXBuildFile section */

/* Begin PBXContainerItemProxy section */
		77E7FA6321ADB436003C71E9 /* PBXContainerItemProxy */ = {
			isa = PBXContainerItemProxy;
			containerPortal = 77E7FA4621ADB434003C71E9 /* Project object */;
			proxyType = 1;
			remoteGlobalIDString = 77E7FA4D21ADB434003C71E9;
			remoteInfo = UDemo;
		};
		77E7FA6E21ADB436003C71E9 /* PBXContainerItemProxy */ = {
			isa = PBXContainerItemProxy;
			containerPortal = 77E7FA4621ADB434003C71E9 /* Project object */;
			proxyType = 1;
			remoteGlobalIDString = 77E7FA4D21ADB434003C71E9;
			remoteInfo = UDemo;
		};
/* End PBXContainerItemProxy section */

/* Begin PBXFileReference section */
		777A495921B4B69D006E43D1 /* Error.png */ = {isa = PBXFileReference; lastKnownFileType = image.png; path = Error.png; sourceTree = "<group>"; };
		77B4FF6121B479FC0052B324 /* FlickerService.swift */ = {isa = PBXFileReference; lastKnownFileType = sourcecode.swift; path = FlickerService.swift; sourceTree = "<group>"; };
		77B4FF6321B47A8E0052B324 /* SearchItem.swift */ = {isa = PBXFileReference; lastKnownFileType = sourcecode.swift; path = SearchItem.swift; sourceTree = "<group>"; };
		77B4FF6721B47DE00052B324 /* FlickerPhotosSearchResult.swift */ = {isa = PBXFileReference; lastKnownFileType = sourcecode.swift; path = FlickerPhotosSearchResult.swift; sourceTree = "<group>"; };
		77B4FF6F21B489310052B324 /* PhotoCollectionViewCell.swift */ = {isa = PBXFileReference; lastKnownFileType = sourcecode.swift; path = PhotoCollectionViewCell.swift; sourceTree = "<group>"; };
		77B4FF7021B489310052B324 /* PhotoCollectionViewCell.xib */ = {isa = PBXFileReference; lastKnownFileType = file.xib; path = PhotoCollectionViewCell.xib; sourceTree = "<group>"; };
		77B4FF7721B48E630052B324 /* PhotoQuery.swift */ = {isa = PBXFileReference; lastKnownFileType = sourcecode.swift; path = PhotoQuery.swift; sourceTree = "<group>"; };
		77E7FA4E21ADB434003C71E9 /* UDemo.app */ = {isa = PBXFileReference; explicitFileType = wrapper.application; includeInIndex = 0; path = UDemo.app; sourceTree = BUILT_PRODUCTS_DIR; };
		77E7FA5121ADB434003C71E9 /* AppDelegate.swift */ = {isa = PBXFileReference; lastKnownFileType = sourcecode.swift; path = AppDelegate.swift; sourceTree = "<group>"; };
		77E7FA5321ADB434003C71E9 /* ViewController.swift */ = {isa = PBXFileReference; lastKnownFileType = sourcecode.swift; path = ViewController.swift; sourceTree = "<group>"; };
		77E7FA5621ADB434003C71E9 /* Base */ = {isa = PBXFileReference; lastKnownFileType = file.storyboard; name = Base; path = Base.lproj/Main.storyboard; sourceTree = "<group>"; };
		77E7FA5821ADB436003C71E9 /* Assets.xcassets */ = {isa = PBXFileReference; lastKnownFileType = folder.assetcatalog; path = Assets.xcassets; sourceTree = "<group>"; };
		77E7FA5B21ADB436003C71E9 /* Base */ = {isa = PBXFileReference; lastKnownFileType = file.storyboard; name = Base; path = Base.lproj/LaunchScreen.storyboard; sourceTree = "<group>"; };
		77E7FA5D21ADB436003C71E9 /* Info.plist */ = {isa = PBXFileReference; lastKnownFileType = text.plist.xml; path = Info.plist; sourceTree = "<group>"; };
		77E7FA6221ADB436003C71E9 /* UDemoTests.xctest */ = {isa = PBXFileReference; explicitFileType = wrapper.cfbundle; includeInIndex = 0; path = UDemoTests.xctest; sourceTree = BUILT_PRODUCTS_DIR; };
		77E7FA6621ADB436003C71E9 /* UDemoTests.swift */ = {isa = PBXFileReference; lastKnownFileType = sourcecode.swift; path = UDemoTests.swift; sourceTree = "<group>"; };
		77E7FA6821ADB436003C71E9 /* Info.plist */ = {isa = PBXFileReference; lastKnownFileType = text.plist.xml; path = Info.plist; sourceTree = "<group>"; };
		77E7FA6D21ADB436003C71E9 /* UDemoUITests.xctest */ = {isa = PBXFileReference; explicitFileType = wrapper.cfbundle; includeInIndex = 0; path = UDemoUITests.xctest; sourceTree = BUILT_PRODUCTS_DIR; };
		77E7FA7121ADB436003C71E9 /* UDemoUITests.swift */ = {isa = PBXFileReference; lastKnownFileType = sourcecode.swift; path = UDemoUITests.swift; sourceTree = "<group>"; };
		77E7FA7321ADB436003C71E9 /* Info.plist */ = {isa = PBXFileReference; lastKnownFileType = text.plist.xml; path = Info.plist; sourceTree = "<group>"; };
/* End PBXFileReference section */

/* Begin PBXFrameworksBuildPhase section */
		77E7FA4B21ADB434003C71E9 /* Frameworks */ = {
			isa = PBXFrameworksBuildPhase;
			buildActionMask = 2147483647;
			files = (
			);
			runOnlyForDeploymentPostprocessing = 0;
		};
		77E7FA5F21ADB436003C71E9 /* Frameworks */ = {
			isa = PBXFrameworksBuildPhase;
			buildActionMask = 2147483647;
			files = (
			);
			runOnlyForDeploymentPostprocessing = 0;
		};
		77E7FA6A21ADB436003C71E9 /* Frameworks */ = {
			isa = PBXFrameworksBuildPhase;
			buildActionMask = 2147483647;
			files = (
			);
			runOnlyForDeploymentPostprocessing = 0;
		};
/* End PBXFrameworksBuildPhase section */

/* Begin PBXGroup section */
		777A495821B4B693006E43D1 /* Images */ = {
			isa = PBXGroup;
			children = (
				777A495921B4B69D006E43D1 /* Error.png */,
			);
			path = Images;
			sourceTree = "<group>";
		};
		77B4FF6021B46DDB0052B324 /* Service */ = {
			isa = PBXGroup;
			children = (
				77B4FF6121B479FC0052B324 /* FlickerService.swift */,
				77B4FF6321B47A8E0052B324 /* SearchItem.swift */,
			);
			path = Service;
			sourceTree = "<group>";
		};
		77B4FF6621B47DC90052B324 /* Model */ = {
			isa = PBXGroup;
			children = (
				77B4FF6721B47DE00052B324 /* FlickerPhotosSearchResult.swift */,
			);
			path = Model;
			sourceTree = "<group>";
		};
		77B4FF6A21B482B80052B324 /* ViewModel */ = {
			isa = PBXGroup;
			children = (
				77B4FF7721B48E630052B324 /* PhotoQuery.swift */,
			);
			path = ViewModel;
			sourceTree = "<group>";
		};
		77B4FF6E21B489120052B324 /* Cell */ = {
			isa = PBXGroup;
			children = (
				77B4FF6F21B489310052B324 /* PhotoCollectionViewCell.swift */,
				77B4FF7021B489310052B324 /* PhotoCollectionViewCell.xib */,
			);
			path = Cell;
			sourceTree = "<group>";
		};
		77E7FA4521ADB434003C71E9 = {
			isa = PBXGroup;
			children = (
				777A495821B4B693006E43D1 /* Images */,
				77B4FF6E21B489120052B324 /* Cell */,
				77B4FF6A21B482B80052B324 /* ViewModel */,
				77B4FF6621B47DC90052B324 /* Model */,
				77B4FF6021B46DDB0052B324 /* Service */,
				77E7FA5021ADB434003C71E9 /* UDemo */,
				77E7FA6521ADB436003C71E9 /* UDemoTests */,
				77E7FA7021ADB436003C71E9 /* UDemoUITests */,
				77E7FA4F21ADB434003C71E9 /* Products */,
			);
			sourceTree = "<group>";
		};
		77E7FA4F21ADB434003C71E9 /* Products */ = {
			isa = PBXGroup;
			children = (
				77E7FA4E21ADB434003C71E9 /* UDemo.app */,
				77E7FA6221ADB436003C71E9 /* UDemoTests.xctest */,
				77E7FA6D21ADB436003C71E9 /* UDemoUITests.xctest */,
			);
			name = Products;
			sourceTree = "<group>";
		};
		77E7FA5021ADB434003C71E9 /* UDemo */ = {
			isa = PBXGroup;
			children = (
				77E7FA5121ADB434003C71E9 /* AppDelegate.swift */,
				77E7FA5321ADB434003C71E9 /* ViewController.swift */,
				77E7FA5521ADB434003C71E9 /* Main.storyboard */,
				77E7FA5821ADB436003C71E9 /* Assets.xcassets */,
				77E7FA5A21ADB436003C71E9 /* LaunchScreen.storyboard */,
				77E7FA5D21ADB436003C71E9 /* Info.plist */,
			);
			path = UDemo;
			sourceTree = "<group>";
		};
		77E7FA6521ADB436003C71E9 /* UDemoTests */ = {
			isa = PBXGroup;
			children = (
				77E7FA6621ADB436003C71E9 /* UDemoTests.swift */,
				77E7FA6821ADB436003C71E9 /* Info.plist */,
			);
			path = UDemoTests;
			sourceTree = "<group>";
		};
		77E7FA7021ADB436003C71E9 /* UDemoUITests */ = {
			isa = PBXGroup;
			children = (
				77E7FA7121ADB436003C71E9 /* UDemoUITests.swift */,
				77E7FA7321ADB436003C71E9 /* Info.plist */,
			);
			path = UDemoUITests;
			sourceTree = "<group>";
		};
/* End PBXGroup section */

/* Begin PBXNativeTarget section */
		77E7FA4D21ADB434003C71E9 /* UDemo */ = {
			isa = PBXNativeTarget;
			buildConfigurationList = 77E7FA7621ADB436003C71E9 /* Build configuration list for PBXNativeTarget "UDemo" */;
			buildPhases = (
				77E7FA4A21ADB434003C71E9 /* Sources */,
				77E7FA4B21ADB434003C71E9 /* Frameworks */,
				77E7FA4C21ADB434003C71E9 /* Resources */,
			);
			buildRules = (
			);
			dependencies = (
			);
			name = UDemo;
			productName = UDemo;
			productReference = 77E7FA4E21ADB434003C71E9 /* UDemo.app */;
			productType = "com.apple.product-type.application";
		};
		77E7FA6121ADB436003C71E9 /* UDemoTests */ = {
			isa = PBXNativeTarget;
			buildConfigurationList = 77E7FA7921ADB436003C71E9 /* Build configuration list for PBXNativeTarget "UDemoTests" */;
			buildPhases = (
				77E7FA5E21ADB436003C71E9 /* Sources */,
				77E7FA5F21ADB436003C71E9 /* Frameworks */,
				77E7FA6021ADB436003C71E9 /* Resources */,
			);
			buildRules = (
			);
			dependencies = (
				77E7FA6421ADB436003C71E9 /* PBXTargetDependency */,
			);
			name = UDemoTests;
			productName = UDemoTests;
			productReference = 77E7FA6221ADB436003C71E9 /* UDemoTests.xctest */;
			productType = "com.apple.product-type.bundle.unit-test";
		};
		77E7FA6C21ADB436003C71E9 /* UDemoUITests */ = {
			isa = PBXNativeTarget;
			buildConfigurationList = 77E7FA7C21ADB436003C71E9 /* Build configuration list for PBXNativeTarget "UDemoUITests" */;
			buildPhases = (
				77E7FA6921ADB436003C71E9 /* Sources */,
				77E7FA6A21ADB436003C71E9 /* Frameworks */,
				77E7FA6B21ADB436003C71E9 /* Resources */,
			);
			buildRules = (
			);
			dependencies = (
				77E7FA6F21ADB436003C71E9 /* PBXTargetDependency */,
			);
			name = UDemoUITests;
			productName = UDemoUITests;
			productReference = 77E7FA6D21ADB436003C71E9 /* UDemoUITests.xctest */;
			productType = "com.apple.product-type.bundle.ui-testing";
		};
/* End PBXNativeTarget section */

/* Begin PBXProject section */
		77E7FA4621ADB434003C71E9 /* Project object */ = {
			isa = PBXProject;
			attributes = {
				LastSwiftUpdateCheck = 1010;
				LastUpgradeCheck = 1010;
				ORGANIZATIONNAME = Umang;
				TargetAttributes = {
					77E7FA4D21ADB434003C71E9 = {
						CreatedOnToolsVersion = 10.1;
					};
					77E7FA6121ADB436003C71E9 = {
						CreatedOnToolsVersion = 10.1;
						TestTargetID = 77E7FA4D21ADB434003C71E9;
					};
					77E7FA6C21ADB436003C71E9 = {
						CreatedOnToolsVersion = 10.1;
						TestTargetID = 77E7FA4D21ADB434003C71E9;
					};
				};
			};
			buildConfigurationList = 77E7FA4921ADB434003C71E9 /* Build configuration list for PBXProject "UDemo" */;
			compatibilityVersion = "Xcode 9.3";
			developmentRegion = en;
			hasScannedForEncodings = 0;
			knownRegions = (
				en,
				Base,
			);
			mainGroup = 77E7FA4521ADB434003C71E9;
			productRefGroup = 77E7FA4F21ADB434003C71E9 /* Products */;
			projectDirPath = "";
			projectRoot = "";
			targets = (
				77E7FA4D21ADB434003C71E9 /* UDemo */,
				77E7FA6121ADB436003C71E9 /* UDemoTests */,
				77E7FA6C21ADB436003C71E9 /* UDemoUITests */,
			);
		};
/* End PBXProject section */

/* Begin PBXResourcesBuildPhase section */
		77E7FA4C21ADB434003C71E9 /* Resources */ = {
			isa = PBXResourcesBuildPhase;
			buildActionMask = 2147483647;
			files = (
				77E7FA5C21ADB436003C71E9 /* LaunchScreen.storyboard in Resources */,
				77B4FF7421B489310052B324 /* PhotoCollectionViewCell.xib in Resources */,
				77E7FA5921ADB436003C71E9 /* Assets.xcassets in Resources */,
				777A495A21B4B69D006E43D1 /* Error.png in Resources */,
				77E7FA5721ADB434003C71E9 /* Main.storyboard in Resources */,
			);
			runOnlyForDeploymentPostprocessing = 0;
		};
		77E7FA6021ADB436003C71E9 /* Resources */ = {
			isa = PBXResourcesBuildPhase;
			buildActionMask = 2147483647;
			files = (
				777A496521B4D730006E43D1 /* Main.storyboard in Resources */,
				777A495B21B4B69D006E43D1 /* Error.png in Resources */,
				77B4FF7521B489310052B324 /* PhotoCollectionViewCell.xib in Resources */,
			);
			runOnlyForDeploymentPostprocessing = 0;
		};
		77E7FA6B21ADB436003C71E9 /* Resources */ = {
			isa = PBXResourcesBuildPhase;
			buildActionMask = 2147483647;
			files = (
				777A496621B4D731006E43D1 /* Main.storyboard in Resources */,
				777A495C21B4B69D006E43D1 /* Error.png in Resources */,
				77B4FF7621B489310052B324 /* PhotoCollectionViewCell.xib in Resources */,
			);
			runOnlyForDeploymentPostprocessing = 0;
		};
/* End PBXResourcesBuildPhase section */

/* Begin PBXSourcesBuildPhase section */
		77E7FA4A21ADB434003C71E9 /* Sources */ = {
			isa = PBXSourcesBuildPhase;
			buildActionMask = 2147483647;
			files = (
				77B4FF6421B47A8E0052B324 /* SearchItem.swift in Sources */,
				77B4FF6221B479FC0052B324 /* FlickerService.swift in Sources */,
				77B4FF7821B48E630052B324 /* PhotoQuery.swift in Sources */,
				77E7FA5421ADB434003C71E9 /* ViewController.swift in Sources */,
				77B4FF7121B489310052B324 /* PhotoCollectionViewCell.swift in Sources */,
				77E7FA5221ADB434003C71E9 /* AppDelegate.swift in Sources */,
				77B4FF6821B47DE00052B324 /* FlickerPhotosSearchResult.swift in Sources */,
			);
			runOnlyForDeploymentPostprocessing = 0;
		};
		77E7FA5E21ADB436003C71E9 /* Sources */ = {
			isa = PBXSourcesBuildPhase;
			buildActionMask = 2147483647;
			files = (
				777A496721B4D737006E43D1 /* AppDelegate.swift in Sources */,
				77B4FF7B21B4909E0052B324 /* FlickerService.swift in Sources */,
				77B4FF7221B489310052B324 /* PhotoCollectionViewCell.swift in Sources */,
				77B4FF6921B47DE00052B324 /* FlickerPhotosSearchResult.swift in Sources */,
				77B4FF7921B48E630052B324 /* PhotoQuery.swift in Sources */,
				777A496321B4D4D2006E43D1 /* ViewController.swift in Sources */,
				77B4FF6521B47A8E0052B324 /* SearchItem.swift in Sources */,
				77E7FA6721ADB436003C71E9 /* UDemoTests.swift in Sources */,
			);
			runOnlyForDeploymentPostprocessing = 0;
		};
		77E7FA6921ADB436003C71E9 /* Sources */ = {
			isa = PBXSourcesBuildPhase;
			buildActionMask = 2147483647;
			files = (
				777A496821B4D738006E43D1 /* AppDelegate.swift in Sources */,
				777A496221B4C36E006E43D1 /* FlickerPhotosSearchResult.swift in Sources */,
				77B4FF7C21B4909E0052B324 /* FlickerService.swift in Sources */,
				77B4FF7A21B48E630052B324 /* PhotoQuery.swift in Sources */,
				77E7FA7221ADB436003C71E9 /* UDemoUITests.swift in Sources */,
				777A496421B4D4D3006E43D1 /* ViewController.swift in Sources */,
				77B4FF7321B489310052B324 /* PhotoCollectionViewCell.swift in Sources */,
				777A496121B4C322006E43D1 /* SearchItem.swift in Sources */,
			);
			runOnlyForDeploymentPostprocessing = 0;
		};
/* End PBXSourcesBuildPhase section */

/* Begin PBXTargetDependency section */
		77E7FA6421ADB436003C71E9 /* PBXTargetDependency */ = {
			isa = PBXTargetDependency;
			target = 77E7FA4D21ADB434003C71E9 /* UDemo */;
			targetProxy = 77E7FA6321ADB436003C71E9 /* PBXContainerItemProxy */;
		};
		77E7FA6F21ADB436003C71E9 /* PBXTargetDependency */ = {
			isa = PBXTargetDependency;
			target = 77E7FA4D21ADB434003C71E9 /* UDemo */;
			targetProxy = 77E7FA6E21ADB436003C71E9 /* PBXContainerItemProxy */;
		};
/* End PBXTargetDependency section */

/* Begin PBXVariantGroup section */
		77E7FA5521ADB434003C71E9 /* Main.storyboard */ = {
			isa = PBXVariantGroup;
			children = (
				77E7FA5621ADB434003C71E9 /* Base */,
			);
			name = Main.storyboard;
			sourceTree = "<group>";
		};
		77E7FA5A21ADB436003C71E9 /* LaunchScreen.storyboard */ = {
			isa = PBXVariantGroup;
			children = (
				77E7FA5B21ADB436003C71E9 /* Base */,
			);
			name = LaunchScreen.storyboard;
			sourceTree = "<group>";
		};
/* End PBXVariantGroup section */

/* Begin XCBuildConfiguration section */
		77E7FA7421ADB436003C71E9 /* Debug */ = {
			isa = XCBuildConfiguration;
			buildSettings = {
				ALWAYS_SEARCH_USER_PATHS = NO;
				CLANG_ANALYZER_NONNULL = YES;
				CLANG_ANALYZER_NUMBER_OBJECT_CONVERSION = YES_AGGRESSIVE;
				CLANG_CXX_LANGUAGE_STANDARD = "gnu++14";
				CLANG_CXX_LIBRARY = "libc++";
				CLANG_ENABLE_MODULES = YES;
				CLANG_ENABLE_OBJC_ARC = YES;
				CLANG_ENABLE_OBJC_WEAK = YES;
				CLANG_WARN_BLOCK_CAPTURE_AUTORELEASING = YES;
				CLANG_WARN_BOOL_CONVERSION = YES;
				CLANG_WARN_COMMA = YES;
				CLANG_WARN_CONSTANT_CONVERSION = YES;
				CLANG_WARN_DEPRECATED_OBJC_IMPLEMENTATIONS = YES;
				CLANG_WARN_DIRECT_OBJC_ISA_USAGE = YES_ERROR;
				CLANG_WARN_DOCUMENTATION_COMMENTS = YES;
				CLANG_WARN_EMPTY_BODY = YES;
				CLANG_WARN_ENUM_CONVERSION = YES;
				CLANG_WARN_INFINITE_RECURSION = YES;
				CLANG_WARN_INT_CONVERSION = YES;
				CLANG_WARN_NON_LITERAL_NULL_CONVERSION = YES;
				CLANG_WARN_OBJC_IMPLICIT_RETAIN_SELF = YES;
				CLANG_WARN_OBJC_LITERAL_CONVERSION = YES;
				CLANG_WARN_OBJC_ROOT_CLASS = YES_ERROR;
				CLANG_WARN_RANGE_LOOP_ANALYSIS = YES;
				CLANG_WARN_STRICT_PROTOTYPES = YES;
				CLANG_WARN_SUSPICIOUS_MOVE = YES;
				CLANG_WARN_UNGUARDED_AVAILABILITY = YES_AGGRESSIVE;
				CLANG_WARN_UNREACHABLE_CODE = YES;
				CLANG_WARN__DUPLICATE_METHOD_MATCH = YES;
				CODE_SIGN_IDENTITY = "iPhone Developer";
				COPY_PHASE_STRIP = NO;
				DEBUG_INFORMATION_FORMAT = dwarf;
				ENABLE_STRICT_OBJC_MSGSEND = YES;
				ENABLE_TESTABILITY = YES;
				GCC_C_LANGUAGE_STANDARD = gnu11;
				GCC_DYNAMIC_NO_PIC = NO;
				GCC_NO_COMMON_BLOCKS = YES;
				GCC_OPTIMIZATION_LEVEL = 0;
				GCC_PREPROCESSOR_DEFINITIONS = (
					"DEBUG=1",
					"$(inherited)",
				);
				GCC_WARN_64_TO_32_BIT_CONVERSION = YES;
				GCC_WARN_ABOUT_RETURN_TYPE = YES_ERROR;
				GCC_WARN_UNDECLARED_SELECTOR = YES;
				GCC_WARN_UNINITIALIZED_AUTOS = YES_AGGRESSIVE;
				GCC_WARN_UNUSED_FUNCTION = YES;
				GCC_WARN_UNUSED_VARIABLE = YES;
				IPHONEOS_DEPLOYMENT_TARGET = 12.1;
				MTL_ENABLE_DEBUG_INFO = INCLUDE_SOURCE;
				MTL_FAST_MATH = YES;
				ONLY_ACTIVE_ARCH = YES;
				SDKROOT = iphoneos;
				SWIFT_ACTIVE_COMPILATION_CONDITIONS = DEBUG;
				SWIFT_OPTIMIZATION_LEVEL = "-Onone";
			};
			name = Debug;
		};
		77E7FA7521ADB436003C71E9 /* Release */ = {
			isa = XCBuildConfiguration;
			buildSettings = {
				ALWAYS_SEARCH_USER_PATHS = NO;
				CLANG_ANALYZER_NONNULL = YES;
				CLANG_ANALYZER_NUMBER_OBJECT_CONVERSION = YES_AGGRESSIVE;
				CLANG_CXX_LANGUAGE_STANDARD = "gnu++14";
				CLANG_CXX_LIBRARY = "libc++";
				CLANG_ENABLE_MODULES = YES;
				CLANG_ENABLE_OBJC_ARC = YES;
				CLANG_ENABLE_OBJC_WEAK = YES;
				CLANG_WARN_BLOCK_CAPTURE_AUTORELEASING = YES;
				CLANG_WARN_BOOL_CONVERSION = YES;
				CLANG_WARN_COMMA = YES;
				CLANG_WARN_CONSTANT_CONVERSION = YES;
				CLANG_WARN_DEPRECATED_OBJC_IMPLEMENTATIONS = YES;
				CLANG_WARN_DIRECT_OBJC_ISA_USAGE = YES_ERROR;
				CLANG_WARN_DOCUMENTATION_COMMENTS = YES;
				CLANG_WARN_EMPTY_BODY = YES;
				CLANG_WARN_ENUM_CONVERSION = YES;
				CLANG_WARN_INFINITE_RECURSION = YES;
				CLANG_WARN_INT_CONVERSION = YES;
				CLANG_WARN_NON_LITERAL_NULL_CONVERSION = YES;
				CLANG_WARN_OBJC_IMPLICIT_RETAIN_SELF = YES;
				CLANG_WARN_OBJC_LITERAL_CONVERSION = YES;
				CLANG_WARN_OBJC_ROOT_CLASS = YES_ERROR;
				CLANG_WARN_RANGE_LOOP_ANALYSIS = YES;
				CLANG_WARN_STRICT_PROTOTYPES = YES;
				CLANG_WARN_SUSPICIOUS_MOVE = YES;
				CLANG_WARN_UNGUARDED_AVAILABILITY = YES_AGGRESSIVE;
				CLANG_WARN_UNREACHABLE_CODE = YES;
				CLANG_WARN__DUPLICATE_METHOD_MATCH = YES;
				CODE_SIGN_IDENTITY = "iPhone Developer";
				COPY_PHASE_STRIP = NO;
				DEBUG_INFORMATION_FORMAT = "dwarf-with-dsym";
				ENABLE_NS_ASSERTIONS = NO;
				ENABLE_STRICT_OBJC_MSGSEND = YES;
				GCC_C_LANGUAGE_STANDARD = gnu11;
				GCC_NO_COMMON_BLOCKS = YES;
				GCC_WARN_64_TO_32_BIT_CONVERSION = YES;
				GCC_WARN_ABOUT_RETURN_TYPE = YES_ERROR;
				GCC_WARN_UNDECLARED_SELECTOR = YES;
				GCC_WARN_UNINITIALIZED_AUTOS = YES_AGGRESSIVE;
				GCC_WARN_UNUSED_FUNCTION = YES;
				GCC_WARN_UNUSED_VARIABLE = YES;
				IPHONEOS_DEPLOYMENT_TARGET = 12.1;
				MTL_ENABLE_DEBUG_INFO = NO;
				MTL_FAST_MATH = YES;
				SDKROOT = iphoneos;
				SWIFT_COMPILATION_MODE = wholemodule;
				SWIFT_OPTIMIZATION_LEVEL = "-O";
				VALIDATE_PRODUCT = YES;
			};
			name = Release;
		};
		77E7FA7721ADB436003C71E9 /* Debug */ = {
			isa = XCBuildConfiguration;
			buildSettings = {
				ASSETCATALOG_COMPILER_APPICON_NAME = AppIcon;
				CODE_SIGN_STYLE = Automatic;
				DEVELOPMENT_TEAM = "";
				INFOPLIST_FILE = UDemo/Info.plist;
				LD_RUNPATH_SEARCH_PATHS = (
					"$(inherited)",
					"@executable_path/Frameworks",
				);
				PRODUCT_BUNDLE_IDENTIFIER = UDemo;
				PRODUCT_NAME = "$(TARGET_NAME)";
				SWIFT_VERSION = 4.2;
				TARGETED_DEVICE_FAMILY = "1,2";
			};
			name = Debug;
		};
		77E7FA7821ADB436003C71E9 /* Release */ = {
			isa = XCBuildConfiguration;
			buildSettings = {
				ASSETCATALOG_COMPILER_APPICON_NAME = AppIcon;
				CODE_SIGN_STYLE = Automatic;
				DEVELOPMENT_TEAM = "";
				INFOPLIST_FILE = UDemo/Info.plist;
				LD_RUNPATH_SEARCH_PATHS = (
					"$(inherited)",
					"@executable_path/Frameworks",
				);
				PRODUCT_BUNDLE_IDENTIFIER = UDemo;
				PRODUCT_NAME = "$(TARGET_NAME)";
				SWIFT_VERSION = 4.2;
				TARGETED_DEVICE_FAMILY = "1,2";
			};
			name = Release;
		};
		77E7FA7A21ADB436003C71E9 /* Debug */ = {
			isa = XCBuildConfiguration;
			buildSettings = {
				ALWAYS_EMBED_SWIFT_STANDARD_LIBRARIES = YES;
				BUNDLE_LOADER = "$(TEST_HOST)";
				CODE_SIGN_STYLE = Automatic;
				INFOPLIST_FILE = UDemoTests/Info.plist;
				LD_RUNPATH_SEARCH_PATHS = (
					"$(inherited)",
					"@executable_path/Frameworks",
					"@loader_path/Frameworks",
				);
				PRODUCT_BUNDLE_IDENTIFIER = Umang.UDemoTests;
				PRODUCT_NAME = "$(TARGET_NAME)";
				SWIFT_VERSION = 4.2;
				TARGETED_DEVICE_FAMILY = "1,2";
				TEST_HOST = "$(BUILT_PRODUCTS_DIR)/UDemo.app/UDemo";
			};
			name = Debug;
		};
		77E7FA7B21ADB436003C71E9 /* Release */ = {
			isa = XCBuildConfiguration;
			buildSettings = {
				ALWAYS_EMBED_SWIFT_STANDARD_LIBRARIES = YES;
				BUNDLE_LOADER = "$(TEST_HOST)";
				CODE_SIGN_STYLE = Automatic;
				INFOPLIST_FILE = UDemoTests/Info.plist;
				LD_RUNPATH_SEARCH_PATHS = (
					"$(inherited)",
					"@executable_path/Frameworks",
					"@loader_path/Frameworks",
				);
				PRODUCT_BUNDLE_IDENTIFIER = Umang.UDemoTests;
				PRODUCT_NAME = "$(TARGET_NAME)";
				SWIFT_VERSION = 4.2;
				TARGETED_DEVICE_FAMILY = "1,2";
				TEST_HOST = "$(BUILT_PRODUCTS_DIR)/UDemo.app/UDemo";
			};
			name = Release;
		};
		77E7FA7D21ADB436003C71E9 /* Debug */ = {
			isa = XCBuildConfiguration;
			buildSettings = {
				ALWAYS_EMBED_SWIFT_STANDARD_LIBRARIES = YES;
				CODE_SIGN_STYLE = Automatic;
				INFOPLIST_FILE = UDemoUITests/Info.plist;
				LD_RUNPATH_SEARCH_PATHS = (
					"$(inherited)",
					"@executable_path/Frameworks",
					"@loader_path/Frameworks",
				);
				PRODUCT_BUNDLE_IDENTIFIER = Umang.UDemoUITests;
				PRODUCT_NAME = "$(TARGET_NAME)";
				SWIFT_VERSION = 4.2;
				TARGETED_DEVICE_FAMILY = "1,2";
				TEST_TARGET_NAME = UDemo;
			};
			name = Debug;
		};
		77E7FA7E21ADB436003C71E9 /* Release */ = {
			isa = XCBuildConfiguration;
			buildSettings = {
				ALWAYS_EMBED_SWIFT_STANDARD_LIBRARIES = YES;
				CODE_SIGN_STYLE = Automatic;
				INFOPLIST_FILE = UDemoUITests/Info.plist;
				LD_RUNPATH_SEARCH_PATHS = (
					"$(inherited)",
					"@executable_path/Frameworks",
					"@loader_path/Frameworks",
				);
				PRODUCT_BUNDLE_IDENTIFIER = Umang.UDemoUITests;
				PRODUCT_NAME = "$(TARGET_NAME)";
				SWIFT_VERSION = 4.2;
				TARGETED_DEVICE_FAMILY = "1,2";
				TEST_TARGET_NAME = UDemo;
			};
			name = Release;
		};
/* End XCBuildConfiguration section */

/* Begin XCConfigurationList section */
		77E7FA4921ADB434003C71E9 /* Build configuration list for PBXProject "UDemo" */ = {
			isa = XCConfigurationList;
			buildConfigurations = (
				77E7FA7421ADB436003C71E9 /* Debug */,
				77E7FA7521ADB436003C71E9 /* Release */,
			);
			defaultConfigurationIsVisible = 0;
			defaultConfigurationName = Release;
		};
		77E7FA7621ADB436003C71E9 /* Build configuration list for PBXNativeTarget "UDemo" */ = {
			isa = XCConfigurationList;
			buildConfigurations = (
				77E7FA7721ADB436003C71E9 /* Debug */,
				77E7FA7821ADB436003C71E9 /* Release */,
			);
			defaultConfigurationIsVisible = 0;
			defaultConfigurationName = Release;
		};
		77E7FA7921ADB436003C71E9 /* Build configuration list for PBXNativeTarget "UDemoTests" */ = {
			isa = XCConfigurationList;
			buildConfigurations = (
				77E7FA7A21ADB436003C71E9 /* Debug */,
				77E7FA7B21ADB436003C71E9 /* Release */,
			);
			defaultConfigurationIsVisible = 0;
			defaultConfigurationName = Release;
		};
		77E7FA7C21ADB436003C71E9 /* Build configuration list for PBXNativeTarget "UDemoUITests" */ = {
			isa = XCConfigurationList;
			buildConfigurations = (
				77E7FA7D21ADB436003C71E9 /* Debug */,
				77E7FA7E21ADB436003C71E9 /* Release */,
			);
			defaultConfigurationIsVisible = 0;
			defaultConfigurationName = Release;
		};
/* End XCConfigurationList section */
	};
	rootObject = 77E7FA4621ADB434003C71E9 /* Project object */;
}
